{
  "object": {
    "pins": [
      {
        "package": "Coordinator",
        "repositoryURL": "https://github.com/talspektor/Coordinator.git",
        "state": {
          "branch": "main",
          "revision": "de41ddcc09d8e0e04c24368a1485b5a5a101ea20",
          "version": null
        }
      },
      {
        "package": "NetworkLayer",
        "repositoryURL": "https://github.com/talspektor/NetworkLayer.git",
        "state": {
          "branch": "main",
          "revision": "b0018d275ba27d16f5dc5098a3c13d04d2022d58",
          "version": null
        }
      }
    ]
  },
  "version": 1
}
